// !$*UTF8*$!
{
	archiveVersion = 1;
	classes = {
	};
	objectVersion = 50;
	objects = {

/* Begin PBXBuildFile section */
		C931214020FF9FB500AA577C /* AppDelegate.swift in Sources */ = {isa = PBXBuildFile; fileRef = C931213F20FF9FB500AA577C /* AppDelegate.swift */; };
		C931214220FF9FB500AA577C /* InitialViewController.swift in Sources */ = {isa = PBXBuildFile; fileRef = C931214120FF9FB500AA577C /* InitialViewController.swift */; };
		C931214520FF9FB500AA577C /* Main.storyboard in Resources */ = {isa = PBXBuildFile; fileRef = C931214320FF9FB500AA577C /* Main.storyboard */; };
		C931214720FF9FB500AA577C /* Assets.xcassets in Resources */ = {isa = PBXBuildFile; fileRef = C931214620FF9FB500AA577C /* Assets.xcassets */; };
		C931214A20FF9FB500AA577C /* LaunchScreen.storyboard in Resources */ = {isa = PBXBuildFile; fileRef = C931214820FF9FB500AA577C /* LaunchScreen.storyboard */; };
		C931215320FFA20100AA577C /* checklistTableViewController.swift in Sources */ = {isa = PBXBuildFile; fileRef = C931215220FFA20100AA577C /* checklistTableViewController.swift */; };
		C931215520FFA21C00AA577C /* createChecklistViewController.swift in Sources */ = {isa = PBXBuildFile; fileRef = C931215420FFA21C00AA577C /* createChecklistViewController.swift */; };
		C931215720FFA23A00AA577C /* locationSearchTableViewController.swift in Sources */ = {isa = PBXBuildFile; fileRef = C931215620FFA23A00AA577C /* locationSearchTableViewController.swift */; };
		C931215920FFA35C00AA577C /* checklistTableViewCell.swift in Sources */ = {isa = PBXBuildFile; fileRef = C931215820FFA35B00AA577C /* checklistTableViewCell.swift */; };
		C931215C20FFA37200AA577C /* RealMapReminders.xcdatamodeld in Sources */ = {isa = PBXBuildFile; fileRef = C931215A20FFA37200AA577C /* RealMapReminders.xcdatamodeld */; };
		C931215E20FFAC7B00AA577C /* CoreDataHelper.swift in Sources */ = {isa = PBXBuildFile; fileRef = C931215D20FFAC7B00AA577C /* CoreDataHelper.swift */; };
/* End PBXBuildFile section */

/* Begin PBXFileReference section */
		C931213C20FF9FB500AA577C /* RealMapReminders.app */ = {isa = PBXFileReference; explicitFileType = wrapper.application; includeInIndex = 0; path = RealMapReminders.app; sourceTree = BUILT_PRODUCTS_DIR; };
		C931213F20FF9FB500AA577C /* AppDelegate.swift */ = {isa = PBXFileReference; lastKnownFileType = sourcecode.swift; path = AppDelegate.swift; sourceTree = "<group>"; };
		C931214120FF9FB500AA577C /* InitialViewController.swift */ = {isa = PBXFileReference; lastKnownFileType = sourcecode.swift; path = InitialViewController.swift; sourceTree = "<group>"; };
		C931214420FF9FB500AA577C /* Base */ = {isa = PBXFileReference; lastKnownFileType = file.storyboard; name = Base; path = Base.lproj/Main.storyboard; sourceTree = "<group>"; };
		C931214620FF9FB500AA577C /* Assets.xcassets */ = {isa = PBXFileReference; lastKnownFileType = folder.assetcatalog; path = Assets.xcassets; sourceTree = "<group>"; };
		C931214920FF9FB500AA577C /* Base */ = {isa = PBXFileReference; lastKnownFileType = file.storyboard; name = Base; path = Base.lproj/LaunchScreen.storyboard; sourceTree = "<group>"; };
		C931214B20FF9FB500AA577C /* Info.plist */ = {isa = PBXFileReference; lastKnownFileType = text.plist.xml; path = Info.plist; sourceTree = "<group>"; };
		C931215220FFA20100AA577C /* checklistTableViewController.swift */ = {isa = PBXFileReference; lastKnownFileType = sourcecode.swift; path = checklistTableViewController.swift; sourceTree = "<group>"; };
		C931215420FFA21C00AA577C /* createChecklistViewController.swift */ = {isa = PBXFileReference; lastKnownFileType = sourcecode.swift; path = createChecklistViewController.swift; sourceTree = "<group>"; };
		C931215620FFA23A00AA577C /* locationSearchTableViewController.swift */ = {isa = PBXFileReference; lastKnownFileType = sourcecode.swift; path = locationSearchTableViewController.swift; sourceTree = "<group>"; };
		C931215820FFA35B00AA577C /* checklistTableViewCell.swift */ = {isa = PBXFileReference; lastKnownFileType = sourcecode.swift; path = checklistTableViewCell.swift; sourceTree = "<group>"; };
		C931215B20FFA37200AA577C /* RealMapReminders.xcdatamodel */ = {isa = PBXFileReference; lastKnownFileType = wrapper.xcdatamodel; path = RealMapReminders.xcdatamodel; sourceTree = "<group>"; };
		C931215D20FFAC7B00AA577C /* CoreDataHelper.swift */ = {isa = PBXFileReference; lastKnownFileType = sourcecode.swift; path = CoreDataHelper.swift; sourceTree = "<group>"; };
/* End PBXFileReference section */

/* Begin PBXFrameworksBuildPhase section */
		C931213920FF9FB500AA577C /* Frameworks */ = {
			isa = PBXFrameworksBuildPhase;
			buildActionMask = 2147483647;
			files = (
			);
			runOnlyForDeploymentPostprocessing = 0;
		};
/* End PBXFrameworksBuildPhase section */

/* Begin PBXGroup section */
		C931213320FF9FB400AA577C = {
			isa = PBXGroup;
			children = (
				C931213E20FF9FB500AA577C /* RealMapReminders */,
				C931213D20FF9FB500AA577C /* Products */,
			);
			sourceTree = "<group>";
		};
		C931213D20FF9FB500AA577C /* Products */ = {
			isa = PBXGroup;
			children = (
				C931213C20FF9FB500AA577C /* RealMapReminders.app */,
			);
			name = Products;
			sourceTree = "<group>";
		};
		C931213E20FF9FB500AA577C /* RealMapReminders */ = {
			isa = PBXGroup;
			children = (
				C931213F20FF9FB500AA577C /* AppDelegate.swift */,
				C931215120FFA1EB00AA577C /* Controllers */,
				C931214320FF9FB500AA577C /* Main.storyboard */,
				C931214620FF9FB500AA577C /* Assets.xcassets */,
				C931214820FF9FB500AA577C /* LaunchScreen.storyboard */,
				C931214B20FF9FB500AA577C /* Info.plist */,
				C931215820FFA35B00AA577C /* checklistTableViewCell.swift */,
				C931215A20FFA37200AA577C /* RealMapReminders.xcdatamodeld */,
				C931215D20FFAC7B00AA577C /* CoreDataHelper.swift */,
			);
			path = RealMapReminders;
			sourceTree = "<group>";
		};
		C931215120FFA1EB00AA577C /* Controllers */ = {
			isa = PBXGroup;
			children = (
				C931214120FF9FB500AA577C /* InitialViewController.swift */,
				C931215220FFA20100AA577C /* checklistTableViewController.swift */,
				C931215420FFA21C00AA577C /* createChecklistViewController.swift */,
				C931215620FFA23A00AA577C /* locationSearchTableViewController.swift */,
			);
			path = Controllers;
			sourceTree = "<group>";
		};
/* End PBXGroup section */

/* Begin PBXNativeTarget section */
		C931213B20FF9FB500AA577C /* RealMapReminders */ = {
			isa = PBXNativeTarget;
			buildConfigurationList = C931214E20FF9FB500AA577C /* Build configuration list for PBXNativeTarget "RealMapReminders" */;
			buildPhases = (
				C931213820FF9FB500AA577C /* Sources */,
				C931213920FF9FB500AA577C /* Frameworks */,
				C931213A20FF9FB500AA577C /* Resources */,
			);
			buildRules = (
			);
			dependencies = (
			);
			name = RealMapReminders;
			productName = RealMapReminders;
			productReference = C931213C20FF9FB500AA577C /* RealMapReminders.app */;
			productType = "com.apple.product-type.application";
		};
/* End PBXNativeTarget section */

/* Begin PBXProject section */
		C931213420FF9FB400AA577C /* Project object */ = {
			isa = PBXProject;
			attributes = {
				LastSwiftUpdateCheck = 0940;
				LastUpgradeCheck = 0940;
				ORGANIZATIONNAME = "Make School";
				TargetAttributes = {
					C931213B20FF9FB500AA577C = {
						CreatedOnToolsVersion = 9.4.1;
					};
				};
			};
			buildConfigurationList = C931213720FF9FB400AA577C /* Build configuration list for PBXProject "RealMapReminders" */;
			compatibilityVersion = "Xcode 9.3";
			developmentRegion = en;
			hasScannedForEncodings = 0;
			knownRegions = (
				en,
				Base,
			);
			mainGroup = C931213320FF9FB400AA577C;
			productRefGroup = C931213D20FF9FB500AA577C /* Products */;
			projectDirPath = "";
			projectRoot = "";
			targets = (
				C931213B20FF9FB500AA577C /* RealMapReminders */,
			);
		};
/* End PBXProject section */

/* Begin PBXResourcesBuildPhase section */
		C931213A20FF9FB500AA577C /* Resources */ = {
			isa = PBXResourcesBuildPhase;
			buildActionMask = 2147483647;
			files = (
				C931214A20FF9FB500AA577C /* LaunchScreen.storyboard in Resources */,
				C931214720FF9FB500AA577C /* Assets.xcassets in Resources */,
				C931214520FF9FB500AA577C /* Main.storyboard in Resources */,
			);
			runOnlyForDeploymentPostprocessing = 0;
		};
/* End PBXResourcesBuildPhase section */

/* Begin PBXSourcesBuildPhase section */
		C931213820FF9FB500AA577C /* Sources */ = {
			isa = PBXSourcesBuildPhase;
			buildActionMask = 2147483647;
			files = (
				C931215720FFA23A00AA577C /* locationSearchTableViewController.swift in Sources */,
				C931215320FFA20100AA577C /* checklistTableViewController.swift in Sources */,
				C931215E20FFAC7B00AA577C /* CoreDataHelper.swift in Sources */,
				C931215920FFA35C00AA577C /* checklistTableViewCell.swift in Sources */,
				C931214220FF9FB500AA577C /* InitialViewController.swift in Sources */,
				C931214020FF9FB500AA577C /* AppDelegate.swift in Sources */,
				C931215520FFA21C00AA577C /* createChecklistViewController.swift in Sources */,
				C931215C20FFA37200AA577C /* RealMapReminders.xcdatamodeld in Sources */,
			);
			runOnlyForDeploymentPostprocessing = 0;
		};
/* End PBXSourcesBuildPhase section */

/* Begin PBXVariantGroup section */
		C931214320FF9FB500AA577C /* Main.storyboard */ = {
			isa = PBXVariantGroup;
			children = (
				C931214420FF9FB500AA577C /* Base */,
			);
			name = Main.storyboard;
			sourceTree = "<group>";
		};
		C931214820FF9FB500AA577C /* LaunchScreen.storyboard */ = {
			isa = PBXVariantGroup;
			children = (
				C931214920FF9FB500AA577C /* Base */,
			);
			name = LaunchScreen.storyboard;
			sourceTree = "<group>";
		};
/* End PBXVariantGroup section */

/* Begin XCBuildConfiguration section */
		C931214C20FF9FB500AA577C /* Debug */ = {
			isa = XCBuildConfiguration;
			buildSettings = {
				ALWAYS_SEARCH_USER_PATHS = NO;
				CLANG_ANALYZER_NONNULL = YES;
				CLANG_ANALYZER_NUMBER_OBJECT_CONVERSION = YES_AGGRESSIVE;
				CLANG_CXX_LANGUAGE_STANDARD = "gnu++14";
				CLANG_CXX_LIBRARY = "libc++";
				CLANG_ENABLE_MODULES = YES;
				CLANG_ENABLE_OBJC_ARC = YES;
				CLANG_ENABLE_OBJC_WEAK = YES;
				CLANG_WARN_BLOCK_CAPTURE_AUTORELEASING = YES;
				CLANG_WARN_BOOL_CONVERSION = YES;
				CLANG_WARN_COMMA = YES;
				CLANG_WARN_CONSTANT_CONVERSION = YES;
				CLANG_WARN_DEPRECATED_OBJC_IMPLEMENTATIONS = YES;
				CLANG_WARN_DIRECT_OBJC_ISA_USAGE = YES_ERROR;
				CLANG_WARN_DOCUMENTATION_COMMENTS = YES;
				CLANG_WARN_EMPTY_BODY = YES;
				CLANG_WARN_ENUM_CONVERSION = YES;
				CLANG_WARN_INFINITE_RECURSION = YES;
				CLANG_WARN_INT_CONVERSION = YES;
				CLANG_WARN_NON_LITERAL_NULL_CONVERSION = YES;
				CLANG_WARN_OBJC_IMPLICIT_RETAIN_SELF = YES;
				CLANG_WARN_OBJC_LITERAL_CONVERSION = YES;
				CLANG_WARN_OBJC_ROOT_CLASS = YES_ERROR;
				CLANG_WARN_RANGE_LOOP_ANALYSIS = YES;
				CLANG_WARN_STRICT_PROTOTYPES = YES;
				CLANG_WARN_SUSPICIOUS_MOVE = YES;
				CLANG_WARN_UNGUARDED_AVAILABILITY = YES_AGGRESSIVE;
				CLANG_WARN_UNREACHABLE_CODE = YES;
				CLANG_WARN__DUPLICATE_METHOD_MATCH = YES;
				CODE_SIGN_IDENTITY = "iPhone Developer";
				COPY_PHASE_STRIP = NO;
				DEBUG_INFORMATION_FORMAT = dwarf;
				ENABLE_STRICT_OBJC_MSGSEND = YES;
				ENABLE_TESTABILITY = YES;
				GCC_C_LANGUAGE_STANDARD = gnu11;
				GCC_DYNAMIC_NO_PIC = NO;
				GCC_NO_COMMON_BLOCKS = YES;
				GCC_OPTIMIZATION_LEVEL = 0;
				GCC_PREPROCESSOR_DEFINITIONS = (
					"DEBUG=1",
					"$(inherited)",
				);
				GCC_WARN_64_TO_32_BIT_CONVERSION = YES;
				GCC_WARN_ABOUT_RETURN_TYPE = YES_ERROR;
				GCC_WARN_UNDECLARED_SELECTOR = YES;
				GCC_WARN_UNINITIALIZED_AUTOS = YES_AGGRESSIVE;
				GCC_WARN_UNUSED_FUNCTION = YES;
				GCC_WARN_UNUSED_VARIABLE = YES;
				IPHONEOS_DEPLOYMENT_TARGET = 11.4;
				MTL_ENABLE_DEBUG_INFO = YES;
				ONLY_ACTIVE_ARCH = YES;
				SDKROOT = iphoneos;
				SWIFT_ACTIVE_COMPILATION_CONDITIONS = DEBUG;
				SWIFT_OPTIMIZATION_LEVEL = "-Onone";
			};
			name = Debug;
		};
		C931214D20FF9FB500AA577C /* Release */ = {
			isa = XCBuildConfiguration;
			buildSettings = {
				ALWAYS_SEARCH_USER_PATHS = NO;
				CLANG_ANALYZER_NONNULL = YES;
				CLANG_ANALYZER_NUMBER_OBJECT_CONVERSION = YES_AGGRESSIVE;
				CLANG_CXX_LANGUAGE_STANDARD = "gnu++14";
				CLANG_CXX_LIBRARY = "libc++";
				CLANG_ENABLE_MODULES = YES;
				CLANG_ENABLE_OBJC_ARC = YES;
				CLANG_ENABLE_OBJC_WEAK = YES;
				CLANG_WARN_BLOCK_CAPTURE_AUTORELEASING = YES;
				CLANG_WARN_BOOL_CONVERSION = YES;
				CLANG_WARN_COMMA = YES;
				CLANG_WARN_CONSTANT_CONVERSION = YES;
				CLANG_WARN_DEPRECATED_OBJC_IMPLEMENTATIONS = YES;
				CLANG_WARN_DIRECT_OBJC_ISA_USAGE = YES_ERROR;
				CLANG_WARN_DOCUMENTATION_COMMENTS = YES;
				CLANG_WARN_EMPTY_BODY = YES;
				CLANG_WARN_ENUM_CONVERSION = YES;
				CLANG_WARN_INFINITE_RECURSION = YES;
				CLANG_WARN_INT_CONVERSION = YES;
				CLANG_WARN_NON_LITERAL_NULL_CONVERSION = YES;
				CLANG_WARN_OBJC_IMPLICIT_RETAIN_SELF = YES;
				CLANG_WARN_OBJC_LITERAL_CONVERSION = YES;
				CLANG_WARN_OBJC_ROOT_CLASS = YES_ERROR;
				CLANG_WARN_RANGE_LOOP_ANALYSIS = YES;
				CLANG_WARN_STRICT_PROTOTYPES = YES;
				CLANG_WARN_SUSPICIOUS_MOVE = YES;
				CLANG_WARN_UNGUARDED_AVAILABILITY = YES_AGGRESSIVE;
				CLANG_WARN_UNREACHABLE_CODE = YES;
				CLANG_WARN__DUPLICATE_METHOD_MATCH = YES;
				CODE_SIGN_IDENTITY = "iPhone Developer";
				COPY_PHASE_STRIP = NO;
				DEBUG_INFORMATION_FORMAT = "dwarf-with-dsym";
				ENABLE_NS_ASSERTIONS = NO;
				ENABLE_STRICT_OBJC_MSGSEND = YES;
				GCC_C_LANGUAGE_STANDARD = gnu11;
				GCC_NO_COMMON_BLOCKS = YES;
				GCC_WARN_64_TO_32_BIT_CONVERSION = YES;
				GCC_WARN_ABOUT_RETURN_TYPE = YES_ERROR;
				GCC_WARN_UNDECLARED_SELECTOR = YES;
				GCC_WARN_UNINITIALIZED_AUTOS = YES_AGGRESSIVE;
				GCC_WARN_UNUSED_FUNCTION = YES;
				GCC_WARN_UNUSED_VARIABLE = YES;
				IPHONEOS_DEPLOYMENT_TARGET = 11.4;
				MTL_ENABLE_DEBUG_INFO = NO;
				SDKROOT = iphoneos;
				SWIFT_COMPILATION_MODE = wholemodule;
				SWIFT_OPTIMIZATION_LEVEL = "-O";
				VALIDATE_PRODUCT = YES;
			};
			name = Release;
		};
		C931214F20FF9FB500AA577C /* Debug */ = {
			isa = XCBuildConfiguration;
			buildSettings = {
				ASSETCATALOG_COMPILER_APPICON_NAME = AppIcon;
				CODE_SIGN_STYLE = Automatic;
				INFOPLIST_FILE = RealMapReminders/Info.plist;
				LD_RUNPATH_SEARCH_PATHS = (
					"$(inherited)",
					"@executable_path/Frameworks",
				);
				PRODUCT_BUNDLE_IDENTIFIER = com.makeschool.RealMapReminders;
				PRODUCT_NAME = "$(TARGET_NAME)";
				SWIFT_VERSION = 4.0;
				TARGETED_DEVICE_FAMILY = "1,2";
			};
			name = Debug;
		};
		C931215020FF9FB500AA577C /* Release */ = {
			isa = XCBuildConfiguration;
			buildSettings = {
				ASSETCATALOG_COMPILER_APPICON_NAME = AppIcon;
				CODE_SIGN_STYLE = Automatic;
				INFOPLIST_FILE = RealMapReminders/Info.plist;
				LD_RUNPATH_SEARCH_PATHS = (
					"$(inherited)",
					"@executable_path/Frameworks",
				);
				PRODUCT_BUNDLE_IDENTIFIER = com.makeschool.RealMapReminders;
				PRODUCT_NAME = "$(TARGET_NAME)";
				SWIFT_VERSION = 4.0;
				TARGETED_DEVICE_FAMILY = "1,2";
			};
			name = Release;
		};
/* End XCBuildConfiguration section */

/* Begin XCConfigurationList section */
		C931213720FF9FB400AA577C /* Build configuration list for PBXProject "RealMapReminders" */ = {
			isa = XCConfigurationList;
			buildConfigurations = (
				C931214C20FF9FB500AA577C /* Debug */,
				C931214D20FF9FB500AA577C /* Release */,
			);
			defaultConfigurationIsVisible = 0;
			defaultConfigurationName = Release;
		};
		C931214E20FF9FB500AA577C /* Build configuration list for PBXNativeTarget "RealMapReminders" */ = {
			isa = XCConfigurationList;
			buildConfigurations = (
				C931214F20FF9FB500AA577C /* Debug */,
				C931215020FF9FB500AA577C /* Release */,
			);
			defaultConfigurationIsVisible = 0;
			defaultConfigurationName = Release;
		};
/* End XCConfigurationList section */

/* Begin XCVersionGroup section */
		C931215A20FFA37200AA577C /* RealMapReminders.xcdatamodeld */ = {
			isa = XCVersionGroup;
			children = (
				C931215B20FFA37200AA577C /* RealMapReminders.xcdatamodel */,
			);
			currentVersion = C931215B20FFA37200AA577C /* RealMapReminders.xcdatamodel */;
			path = RealMapReminders.xcdatamodeld;
			sourceTree = "<group>";
			versionGroupType = wrapper.xcdatamodel;
		};
/* End XCVersionGroup section */
	};
	rootObject = C931213420FF9FB400AA577C /* Project object */;
}
